Microsoft Visual Studio Solution File, Format Version 12.00
# Visual Studio Version 17
VisualStudioVersion = 17.5.2.0
MinimumVisualStudioVersion = 10.0.40219.1
Project("{2150E333-8FDC-42A3-9474-1A3956D46DE8}") = "src", "src", "{827E0CD3-B72D-47B6-A68D-7590B98EB39B}"
EndProject
Project("{2150E333-8FDC-42A3-9474-1A3956D46DE8}") = "my-accounting", "my-accounting", "{8D831ED6-5357-D13E-04D6-7D0BBB01D946}"
EndProject
Project("{2150E333-8FDC-42A3-9474-1A3956D46DE8}") = "tests", "tests", "{E20F28B4-63DF-0083-D3FB-816E9239F922}"
EndProject
Project("{FAE04EC0-301F-11D3-BF4B-00C04F79EFBC}") = "MyAccounting.Tests", "src\my-accounting\tests\MyAccounting.Tests.csproj", "{B5E99213-07E7-6EF3-C054-6431672D7296}"
EndProject
Global
	GlobalSection(SolutionConfigurationPlatforms) = preSolution
		Debug|Any CPU = Debug|Any CPU
		Release|Any CPU = Release|Any CPU
	EndGlobalSection
	GlobalSection(ProjectConfigurationPlatforms) = postSolution
		{B5E99213-07E7-6EF3-C054-6431672D7296}.Debug|Any CPU.ActiveCfg = Debug|Any CPU
		{B5E99213-07E7-6EF3-C054-6431672D7296}.Debug|Any CPU.Build.0 = Debug|Any CPU
		{B5E99213-07E7-6EF3-C054-6431672D7296}.Release|Any CPU.ActiveCfg = Release|Any CPU
		{B5E99213-07E7-6EF3-C054-6431672D7296}.Release|Any CPU.Build.0 = Release|Any CPU
	EndGlobalSection
	GlobalSection(SolutionProperties) = preSolution
		HideSolutionNode = FALSE
	EndGlobalSection
	GlobalSection(NestedProjects) = preSolution
		{8D831ED6-5357-D13E-04D6-7D0BBB01D946} = {827E0CD3-B72D-47B6-A68D-7590B98EB39B}
		{E20F28B4-63DF-0083-D3FB-816E9239F922} = {8D831ED6-5357-D13E-04D6-7D0BBB01D946}
		{B5E99213-07E7-6EF3-C054-6431672D7296} = {E20F28B4-63DF-0083-D3FB-816E9239F922}
	EndGlobalSection
	GlobalSection(ExtensibilityGlobals) = postSolution
		SolutionGuid = {21D5A73D-369E-4C41-BDCA-ED81FCCAF4A8}
	EndGlobalSection
EndGlobal
